
Microsoft Visual Studio Solution File, Format Version 12.00
# Visual Studio Version 16
VisualStudioVersion = 16.0.33328.57
MinimumVisualStudioVersion = 10.0.40219.1
Project("{8BC9CEB8-8B4A-11D0-8D11-00A0C91BC942}") = "Manual Mapper DLL", "Manual Mapper DLL\Manual Mapper DLL.vcxproj", "{45617311-76D7-4FAD-A74F-8A6F5E1FD516}"
EndProject
Global
	GlobalSection(SolutionConfigurationPlatforms) = preSolution
		Debug|x64 = Debug|x64
		Debug|x86 = Debug|x86
		Release|x64 = Release|x64
		Release|x86 = Release|x86
	EndGlobalSection
	GlobalSection(ProjectConfigurationPlatforms) = postSolution
		{45617311-76D7-4FAD-A74F-8A6F5E1FD516}.Debug|x64.ActiveCfg = Debug|x64
		{45617311-76D7-4FAD-A74F-8A6F5E1FD516}.Debug|x64.Build.0 = Debug|x64
		{45617311-76D7-4FAD-A74F-8A6F5E1FD516}.Debug|x86.ActiveCfg = Debug|Win32
		{45617311-76D7-4FAD-A74F-8A6F5E1FD516}.Debug|x86.Build.0 = Debug|Win32
		{45617311-76D7-4FAD-A74F-8A6F5E1FD516}.Release|x64.ActiveCfg = Release|x64
		{45617311-76D7-4FAD-A74F-8A6F5E1FD516}.Release|x64.Build.0 = Release|x64
		{45617311-76D7-4FAD-A74F-8A6F5E1FD516}.Release|x86.ActiveCfg = Release|Win32
		{45617311-76D7-4FAD-A74F-8A6F5E1FD516}.Release|x86.Build.0 = Release|Win32
	EndGlobalSection
	GlobalSection(SolutionProperties) = preSolution
		HideSolutionNode = FALSE
	EndGlobalSection
	GlobalSection(ExtensibilityGlobals) = postSolution
		SolutionGuid = {CF95FAC9-7BD3-400A-8CD3-6827A3717163}
	EndGlobalSection
EndGlobal
